# THIS IS AN AUTOGENERATED FILE. DO NOT EDIT THIS FILE DIRECTLY.
# yarn lockfile v1


react-rating-stars-component@^2.2.0:
  version "2.2.0"
  resolved "https://registry.yarnpkg.com/react-rating-stars-component/-/react-rating-stars-component-2.2.0.tgz#e947c6a1f59278e6fea1098453f43cb15d077c14"
  integrity sha512-A3lgLxumfFQQicKQmxacZ91fq/zRaVWlCPnVodJmJV6obvod4/yCotetN9WuyBiUfnKsEFDBo/8B85ocwmL7ng==
